{
  "name": "senatApp",
  "lockfileVersion": 3,
  "requires": true,
  "packages": {
    "": {
      "dependencies": {
        "@mdi/js": "^7.2.96"
      }
    },
    "node_modules/@mdi/js": {
      "version": "7.2.96",
      "resolved": "https://registry.npmjs.org/@mdi/js/-/js-7.2.96.tgz",
      "integrity": "sha512-paR9M9ZT7rKbh2boksNUynuSZMHhqRYnEZOm/KrZTjQ4/FzyhjLHuvw/8XYzP+E7fS4+/Ms/82EN1pl/OFsiIA=="
    }
  }
}
